// !$*UTF8*$!
{
	archiveVersion = 1;
	classes = {
	};
	objectVersion = 56;
	objects = {

/* Begin PBXBuildFile section */
		21FE70422AC4945F003AAEE1 /* AppDelegate.swift in Sources */ = {isa = PBXBuildFile; fileRef = 21FE70412AC4945F003AAEE1 /* AppDelegate.swift */; };
		21FE70442AC4945F003AAEE1 /* SceneDelegate.swift in Sources */ = {isa = PBXBuildFile; fileRef = 21FE70432AC4945F003AAEE1 /* SceneDelegate.swift */; };
		21FE70462AC4945F003AAEE1 /* ViewController.swift in Sources */ = {isa = PBXBuildFile; fileRef = 21FE70452AC4945F003AAEE1 /* ViewController.swift */; };
		21FE70492AC4945F003AAEE1 /* Main.storyboard in Resources */ = {isa = PBXBuildFile; fileRef = 21FE70472AC4945F003AAEE1 /* Main.storyboard */; };
		21FE704B2AC49461003AAEE1 /* Assets.xcassets in Resources */ = {isa = PBXBuildFile; fileRef = 21FE704A2AC49461003AAEE1 /* Assets.xcassets */; };
		21FE704E2AC49461003AAEE1 /* LaunchScreen.storyboard in Resources */ = {isa = PBXBuildFile; fileRef = 21FE704C2AC49461003AAEE1 /* LaunchScreen.storyboard */; };
		21FE70562AC495FC003AAEE1 /* SignUpViewModel.swift in Sources */ = {isa = PBXBuildFile; fileRef = 21FE70552AC495FC003AAEE1 /* SignUpViewModel.swift */; };
		21FE70652AC49765003AAEE1 /* FirebaseAuth in Frameworks */ = {isa = PBXBuildFile; productRef = 21FE70642AC49765003AAEE1 /* FirebaseAuth */; };
		21FE706B2AC49765003AAEE1 /* FirebaseDatabase in Frameworks */ = {isa = PBXBuildFile; productRef = 21FE706A2AC49765003AAEE1 /* FirebaseDatabase */; };
		21FE706D2AC49765003AAEE1 /* FirebaseDatabaseSwift in Frameworks */ = {isa = PBXBuildFile; productRef = 21FE706C2AC49765003AAEE1 /* FirebaseDatabaseSwift */; };
		21FE70712AC49765003AAEE1 /* FirebaseFirestore in Frameworks */ = {isa = PBXBuildFile; productRef = 21FE70702AC49765003AAEE1 /* FirebaseFirestore */; };
		21FE70752AC49766003AAEE1 /* FirebaseFirestoreSwift in Frameworks */ = {isa = PBXBuildFile; productRef = 21FE70742AC49766003AAEE1 /* FirebaseFirestoreSwift */; };
		21FE708B2AC49768003AAEE1 /* FirebaseStorage in Frameworks */ = {isa = PBXBuildFile; productRef = 21FE708A2AC49768003AAEE1 /* FirebaseStorage */; };
		21FE708F2AC4980E003AAEE1 /* SignUpVC.swift in Sources */ = {isa = PBXBuildFile; fileRef = 21FE708E2AC4980E003AAEE1 /* SignUpVC.swift */; };
		21FE70932AC4A5A5003AAEE1 /* GoogleService-Info.plist in Resources */ = {isa = PBXBuildFile; fileRef = 21FE70922AC4A5A5003AAEE1 /* GoogleService-Info.plist */; };
		21FE70952AC4B868003AAEE1 /* ProfileVC.swift in Sources */ = {isa = PBXBuildFile; fileRef = 21FE70942AC4B868003AAEE1 /* ProfileVC.swift */; };
		21FE70972AC4CC7F003AAEE1 /* LoginVC.swift in Sources */ = {isa = PBXBuildFile; fileRef = 21FE70962AC4CC7F003AAEE1 /* LoginVC.swift */; };
		21FE70992AC4CFBF003AAEE1 /* LoginViewModel.swift in Sources */ = {isa = PBXBuildFile; fileRef = 21FE70982AC4CFBF003AAEE1 /* LoginViewModel.swift */; };
		21FE709B2AC4D363003AAEE1 /* Helper.swift in Sources */ = {isa = PBXBuildFile; fileRef = 21FE709A2AC4D363003AAEE1 /* Helper.swift */; };
		21FE70A32AC4E750003AAEE1 /* ProfileViewModel.swift in Sources */ = {isa = PBXBuildFile; fileRef = 21FE70A22AC4E750003AAEE1 /* ProfileViewModel.swift */; };
		21FE70A52AC4E788003AAEE1 /* WeatherModel.swift in Sources */ = {isa = PBXBuildFile; fileRef = 21FE70A42AC4E788003AAEE1 /* WeatherModel.swift */; };
		21FE70A72AC4E8D1003AAEE1 /* DailyViewCell.swift in Sources */ = {isa = PBXBuildFile; fileRef = 21FE70A62AC4E8D1003AAEE1 /* DailyViewCell.swift */; };
		21FE70A92AC4E97B003AAEE1 /* CityCell.swift in Sources */ = {isa = PBXBuildFile; fileRef = 21FE70A82AC4E97B003AAEE1 /* CityCell.swift */; };
		21FE70AB2AC4EE9A003AAEE1 /* DetailsViewController.swift in Sources */ = {isa = PBXBuildFile; fileRef = 21FE70AA2AC4EE99003AAEE1 /* DetailsViewController.swift */; };
		21FE70AD2AC4F1A6003AAEE1 /* DetailViewModel.swift in Sources */ = {isa = PBXBuildFile; fileRef = 21FE70AC2AC4F1A6003AAEE1 /* DetailViewModel.swift */; };
		21FE70AF2AC4FF02003AAEE1 /* userModel.swift in Sources */ = {isa = PBXBuildFile; fileRef = 21FE70AE2AC4FF02003AAEE1 /* userModel.swift */; };
/* End PBXBuildFile section */

/* Begin PBXFileReference section */
		21FE703E2AC4945F003AAEE1 /* City Weather.app */ = {isa = PBXFileReference; explicitFileType = wrapper.application; includeInIndex = 0; path = "City Weather.app"; sourceTree = BUILT_PRODUCTS_DIR; };
		21FE70412AC4945F003AAEE1 /* AppDelegate.swift */ = {isa = PBXFileReference; lastKnownFileType = sourcecode.swift; path = AppDelegate.swift; sourceTree = "<group>"; };
		21FE70432AC4945F003AAEE1 /* SceneDelegate.swift */ = {isa = PBXFileReference; lastKnownFileType = sourcecode.swift; path = SceneDelegate.swift; sourceTree = "<group>"; };
		21FE70452AC4945F003AAEE1 /* ViewController.swift */ = {isa = PBXFileReference; lastKnownFileType = sourcecode.swift; path = ViewController.swift; sourceTree = "<group>"; };
		21FE70482AC4945F003AAEE1 /* Base */ = {isa = PBXFileReference; lastKnownFileType = file.storyboard; name = Base; path = Base.lproj/Main.storyboard; sourceTree = "<group>"; };
		21FE704A2AC49461003AAEE1 /* Assets.xcassets */ = {isa = PBXFileReference; lastKnownFileType = folder.assetcatalog; path = Assets.xcassets; sourceTree = "<group>"; };
		21FE704D2AC49461003AAEE1 /* Base */ = {isa = PBXFileReference; lastKnownFileType = file.storyboard; name = Base; path = Base.lproj/LaunchScreen.storyboard; sourceTree = "<group>"; };
		21FE704F2AC49461003AAEE1 /* Info.plist */ = {isa = PBXFileReference; lastKnownFileType = text.plist.xml; path = Info.plist; sourceTree = "<group>"; };
		21FE70552AC495FC003AAEE1 /* SignUpViewModel.swift */ = {isa = PBXFileReference; lastKnownFileType = sourcecode.swift; path = SignUpViewModel.swift; sourceTree = "<group>"; };
		21FE708E2AC4980E003AAEE1 /* SignUpVC.swift */ = {isa = PBXFileReference; lastKnownFileType = sourcecode.swift; path = SignUpVC.swift; sourceTree = "<group>"; };
		21FE70922AC4A5A5003AAEE1 /* GoogleService-Info.plist */ = {isa = PBXFileReference; fileEncoding = 4; lastKnownFileType = text.plist.xml; path = "GoogleService-Info.plist"; sourceTree = "<group>"; };
		21FE70942AC4B868003AAEE1 /* ProfileVC.swift */ = {isa = PBXFileReference; lastKnownFileType = sourcecode.swift; path = ProfileVC.swift; sourceTree = "<group>"; };
		21FE70962AC4CC7F003AAEE1 /* LoginVC.swift */ = {isa = PBXFileReference; lastKnownFileType = sourcecode.swift; path = LoginVC.swift; sourceTree = "<group>"; };
		21FE70982AC4CFBF003AAEE1 /* LoginViewModel.swift */ = {isa = PBXFileReference; lastKnownFileType = sourcecode.swift; path = LoginViewModel.swift; sourceTree = "<group>"; };
		21FE709A2AC4D363003AAEE1 /* Helper.swift */ = {isa = PBXFileReference; lastKnownFileType = sourcecode.swift; path = Helper.swift; sourceTree = "<group>"; };
		21FE70A22AC4E750003AAEE1 /* ProfileViewModel.swift */ = {isa = PBXFileReference; lastKnownFileType = sourcecode.swift; path = ProfileViewModel.swift; sourceTree = "<group>"; };
		21FE70A42AC4E788003AAEE1 /* WeatherModel.swift */ = {isa = PBXFileReference; lastKnownFileType = sourcecode.swift; path = WeatherModel.swift; sourceTree = "<group>"; };
		21FE70A62AC4E8D1003AAEE1 /* DailyViewCell.swift */ = {isa = PBXFileReference; lastKnownFileType = sourcecode.swift; path = DailyViewCell.swift; sourceTree = "<group>"; };
		21FE70A82AC4E97B003AAEE1 /* CityCell.swift */ = {isa = PBXFileReference; lastKnownFileType = sourcecode.swift; path = CityCell.swift; sourceTree = "<group>"; };
		21FE70AA2AC4EE99003AAEE1 /* DetailsViewController.swift */ = {isa = PBXFileReference; fileEncoding = 4; lastKnownFileType = sourcecode.swift; path = DetailsViewController.swift; sourceTree = "<group>"; };
		21FE70AC2AC4F1A6003AAEE1 /* DetailViewModel.swift */ = {isa = PBXFileReference; lastKnownFileType = sourcecode.swift; path = DetailViewModel.swift; sourceTree = "<group>"; };
		21FE70AE2AC4FF02003AAEE1 /* userModel.swift */ = {isa = PBXFileReference; lastKnownFileType = sourcecode.swift; path = userModel.swift; sourceTree = "<group>"; };
/* End PBXFileReference section */

/* Begin PBXFrameworksBuildPhase section */
		21FE703B2AC4945F003AAEE1 /* Frameworks */ = {
			isa = PBXFrameworksBuildPhase;
			buildActionMask = 2147483647;
			files = (
				21FE706B2AC49765003AAEE1 /* FirebaseDatabase in Frameworks */,
				21FE70712AC49765003AAEE1 /* FirebaseFirestore in Frameworks */,
				21FE70752AC49766003AAEE1 /* FirebaseFirestoreSwift in Frameworks */,
				21FE70652AC49765003AAEE1 /* FirebaseAuth in Frameworks */,
				21FE706D2AC49765003AAEE1 /* FirebaseDatabaseSwift in Frameworks */,
				21FE708B2AC49768003AAEE1 /* FirebaseStorage in Frameworks */,
			);
			runOnlyForDeploymentPostprocessing = 0;
		};
/* End PBXFrameworksBuildPhase section */

/* Begin PBXGroup section */
		21FE70352AC4945F003AAEE1 = {
			isa = PBXGroup;
			children = (
				21FE70402AC4945F003AAEE1 /* City Weather */,
				21FE703F2AC4945F003AAEE1 /* Products */,
			);
			sourceTree = "<group>";
		};
		21FE703F2AC4945F003AAEE1 /* Products */ = {
			isa = PBXGroup;
			children = (
				21FE703E2AC4945F003AAEE1 /* City Weather.app */,
			);
			name = Products;
			sourceTree = "<group>";
		};
		21FE70402AC4945F003AAEE1 /* City Weather */ = {
			isa = PBXGroup;
			children = (
				21FE70412AC4945F003AAEE1 /* AppDelegate.swift */,
				21FE70432AC4945F003AAEE1 /* SceneDelegate.swift */,
				21FE70B32AC5037B003AAEE1 /* Helper */,
				21FE70B22AC5036C003AAEE1 /* Models */,
				21FE70B52AC503B7003AAEE1 /* View */,
				21FE70B42AC503A0003AAEE1 /* ViewModel */,
				21FE70472AC4945F003AAEE1 /* Main.storyboard */,
				21FE704A2AC49461003AAEE1 /* Assets.xcassets */,
				21FE704C2AC49461003AAEE1 /* LaunchScreen.storyboard */,
				21FE704F2AC49461003AAEE1 /* Info.plist */,
				21FE70922AC4A5A5003AAEE1 /* GoogleService-Info.plist */,
			);
			path = "City Weather";
			sourceTree = "<group>";
		};
		21FE70B22AC5036C003AAEE1 /* Models */ = {
			isa = PBXGroup;
			children = (
				21FE70A42AC4E788003AAEE1 /* WeatherModel.swift */,
				21FE70AE2AC4FF02003AAEE1 /* userModel.swift */,
			);
			path = Models;
			sourceTree = "<group>";
		};
		21FE70B32AC5037B003AAEE1 /* Helper */ = {
			isa = PBXGroup;
			children = (
				21FE709A2AC4D363003AAEE1 /* Helper.swift */,
			);
			path = Helper;
			sourceTree = "<group>";
		};
		21FE70B42AC503A0003AAEE1 /* ViewModel */ = {
			isa = PBXGroup;
			children = (
				21FE70552AC495FC003AAEE1 /* SignUpViewModel.swift */,
				21FE70982AC4CFBF003AAEE1 /* LoginViewModel.swift */,
				21FE70A22AC4E750003AAEE1 /* ProfileViewModel.swift */,
				21FE70AC2AC4F1A6003AAEE1 /* DetailViewModel.swift */,
			);
			path = ViewModel;
			sourceTree = "<group>";
		};
		21FE70B52AC503B7003AAEE1 /* View */ = {
			isa = PBXGroup;
			children = (
				21FE70452AC4945F003AAEE1 /* ViewController.swift */,
				21FE708E2AC4980E003AAEE1 /* SignUpVC.swift */,
				21FE70962AC4CC7F003AAEE1 /* LoginVC.swift */,
				21FE70A62AC4E8D1003AAEE1 /* DailyViewCell.swift */,
				21FE70A82AC4E97B003AAEE1 /* CityCell.swift */,
				21FE70942AC4B868003AAEE1 /* ProfileVC.swift */,
				21FE70AA2AC4EE99003AAEE1 /* DetailsViewController.swift */,
			);
			path = View;
			sourceTree = "<group>";
		};
/* End PBXGroup section */

/* Begin PBXNativeTarget section */
		21FE703D2AC4945F003AAEE1 /* City Weather */ = {
			isa = PBXNativeTarget;
			buildConfigurationList = 21FE70522AC49461003AAEE1 /* Build configuration list for PBXNativeTarget "City Weather" */;
			buildPhases = (
				21FE703A2AC4945F003AAEE1 /* Sources */,
				21FE703B2AC4945F003AAEE1 /* Frameworks */,
				21FE703C2AC4945F003AAEE1 /* Resources */,
			);
			buildRules = (
			);
			dependencies = (
			);
			name = "City Weather";
			packageProductDependencies = (
				21FE70642AC49765003AAEE1 /* FirebaseAuth */,
				21FE706A2AC49765003AAEE1 /* FirebaseDatabase */,
				21FE706C2AC49765003AAEE1 /* FirebaseDatabaseSwift */,
				21FE70702AC49765003AAEE1 /* FirebaseFirestore */,
				21FE70742AC49766003AAEE1 /* FirebaseFirestoreSwift */,
				21FE708A2AC49768003AAEE1 /* FirebaseStorage */,
			);
			productName = "City Weather";
			productReference = 21FE703E2AC4945F003AAEE1 /* City Weather.app */;
			productType = "com.apple.product-type.application";
		};
/* End PBXNativeTarget section */

/* Begin PBXProject section */
		21FE70362AC4945F003AAEE1 /* Project object */ = {
			isa = PBXProject;
			attributes = {
				BuildIndependentTargetsInParallel = 1;
				LastSwiftUpdateCheck = 1430;
				LastUpgradeCheck = 1430;
				TargetAttributes = {
					21FE703D2AC4945F003AAEE1 = {
						CreatedOnToolsVersion = 14.3.1;
					};
				};
			};
			buildConfigurationList = 21FE70392AC4945F003AAEE1 /* Build configuration list for PBXProject "City Weather" */;
			compatibilityVersion = "Xcode 14.0";
			developmentRegion = en;
			hasScannedForEncodings = 0;
			knownRegions = (
				en,
				Base,
			);
			mainGroup = 21FE70352AC4945F003AAEE1;
			packageReferences = (
				21FE70572AC49764003AAEE1 /* XCRemoteSwiftPackageReference "firebase-ios-sdk" */,
			);
			productRefGroup = 21FE703F2AC4945F003AAEE1 /* Products */;
			projectDirPath = "";
			projectRoot = "";
			targets = (
				21FE703D2AC4945F003AAEE1 /* City Weather */,
			);
		};
/* End PBXProject section */

/* Begin PBXResourcesBuildPhase section */
		21FE703C2AC4945F003AAEE1 /* Resources */ = {
			isa = PBXResourcesBuildPhase;
			buildActionMask = 2147483647;
			files = (
				21FE704E2AC49461003AAEE1 /* LaunchScreen.storyboard in Resources */,
				21FE704B2AC49461003AAEE1 /* Assets.xcassets in Resources */,
				21FE70932AC4A5A5003AAEE1 /* GoogleService-Info.plist in Resources */,
				21FE70492AC4945F003AAEE1 /* Main.storyboard in Resources */,
			);
			runOnlyForDeploymentPostprocessing = 0;
		};
/* End PBXResourcesBuildPhase section */

/* Begin PBXSourcesBuildPhase section */
		21FE703A2AC4945F003AAEE1 /* Sources */ = {
			isa = PBXSourcesBuildPhase;
			buildActionMask = 2147483647;
			files = (
				21FE70952AC4B868003AAEE1 /* ProfileVC.swift in Sources */,
				21FE70462AC4945F003AAEE1 /* ViewController.swift in Sources */,
				21FE70972AC4CC7F003AAEE1 /* LoginVC.swift in Sources */,
				21FE70A92AC4E97B003AAEE1 /* CityCell.swift in Sources */,
				21FE70422AC4945F003AAEE1 /* AppDelegate.swift in Sources */,
				21FE70A72AC4E8D1003AAEE1 /* DailyViewCell.swift in Sources */,
				21FE70A32AC4E750003AAEE1 /* ProfileViewModel.swift in Sources */,
				21FE70992AC4CFBF003AAEE1 /* LoginViewModel.swift in Sources */,
				21FE709B2AC4D363003AAEE1 /* Helper.swift in Sources */,
				21FE70562AC495FC003AAEE1 /* SignUpViewModel.swift in Sources */,
				21FE70AF2AC4FF02003AAEE1 /* userModel.swift in Sources */,
				21FE708F2AC4980E003AAEE1 /* SignUpVC.swift in Sources */,
				21FE70AB2AC4EE9A003AAEE1 /* DetailsViewController.swift in Sources */,
				21FE70442AC4945F003AAEE1 /* SceneDelegate.swift in Sources */,
				21FE70AD2AC4F1A6003AAEE1 /* DetailViewModel.swift in Sources */,
				21FE70A52AC4E788003AAEE1 /* WeatherModel.swift in Sources */,
			);
			runOnlyForDeploymentPostprocessing = 0;
		};
/* End PBXSourcesBuildPhase section */

/* Begin PBXVariantGroup section */
		21FE70472AC4945F003AAEE1 /* Main.storyboard */ = {
			isa = PBXVariantGroup;
			children = (
				21FE70482AC4945F003AAEE1 /* Base */,
			);
			name = Main.storyboard;
			sourceTree = "<group>";
		};
		21FE704C2AC49461003AAEE1 /* LaunchScreen.storyboard */ = {
			isa = PBXVariantGroup;
			children = (
				21FE704D2AC49461003AAEE1 /* Base */,
			);
			name = LaunchScreen.storyboard;
			sourceTree = "<group>";
		};
/* End PBXVariantGroup section */

/* Begin XCBuildConfiguration section */
		21FE70502AC49461003AAEE1 /* Debug */ = {
			isa = XCBuildConfiguration;
			buildSettings = {
				ALWAYS_SEARCH_USER_PATHS = NO;
				CLANG_ANALYZER_NONNULL = YES;
				CLANG_ANALYZER_NUMBER_OBJECT_CONVERSION = YES_AGGRESSIVE;
				CLANG_CXX_LANGUAGE_STANDARD = "gnu++20";
				CLANG_ENABLE_MODULES = YES;
				CLANG_ENABLE_OBJC_ARC = YES;
				CLANG_ENABLE_OBJC_WEAK = YES;
				CLANG_WARN_BLOCK_CAPTURE_AUTORELEASING = YES;
				CLANG_WARN_BOOL_CONVERSION = YES;
				CLANG_WARN_COMMA = YES;
				CLANG_WARN_CONSTANT_CONVERSION = YES;
				CLANG_WARN_DEPRECATED_OBJC_IMPLEMENTATIONS = YES;
				CLANG_WARN_DIRECT_OBJC_ISA_USAGE = YES_ERROR;
				CLANG_WARN_DOCUMENTATION_COMMENTS = YES;
				CLANG_WARN_EMPTY_BODY = YES;
				CLANG_WARN_ENUM_CONVERSION = YES;
				CLANG_WARN_INFINITE_RECURSION = YES;
				CLANG_WARN_INT_CONVERSION = YES;
				CLANG_WARN_NON_LITERAL_NULL_CONVERSION = YES;
				CLANG_WARN_OBJC_IMPLICIT_RETAIN_SELF = YES;
				CLANG_WARN_OBJC_LITERAL_CONVERSION = YES;
				CLANG_WARN_OBJC_ROOT_CLASS = YES_ERROR;
				CLANG_WARN_QUOTED_INCLUDE_IN_FRAMEWORK_HEADER = YES;
				CLANG_WARN_RANGE_LOOP_ANALYSIS = YES;
				CLANG_WARN_STRICT_PROTOTYPES = YES;
				CLANG_WARN_SUSPICIOUS_MOVE = YES;
				CLANG_WARN_UNGUARDED_AVAILABILITY = YES_AGGRESSIVE;
				CLANG_WARN_UNREACHABLE_CODE = YES;
				CLANG_WARN__DUPLICATE_METHOD_MATCH = YES;
				COPY_PHASE_STRIP = NO;
				DEBUG_INFORMATION_FORMAT = dwarf;
				ENABLE_STRICT_OBJC_MSGSEND = YES;
				ENABLE_TESTABILITY = YES;
				GCC_C_LANGUAGE_STANDARD = gnu11;
				GCC_DYNAMIC_NO_PIC = NO;
				GCC_NO_COMMON_BLOCKS = YES;
				GCC_OPTIMIZATION_LEVEL = 0;
				GCC_PREPROCESSOR_DEFINITIONS = (
					"DEBUG=1",
					"$(inherited)",
				);
				GCC_WARN_64_TO_32_BIT_CONVERSION = YES;
				GCC_WARN_ABOUT_RETURN_TYPE = YES_ERROR;
				GCC_WARN_UNDECLARED_SELECTOR = YES;
				GCC_WARN_UNINITIALIZED_AUTOS = YES_AGGRESSIVE;
				GCC_WARN_UNUSED_FUNCTION = YES;
				GCC_WARN_UNUSED_VARIABLE = YES;
				IPHONEOS_DEPLOYMENT_TARGET = 16.4;
				MTL_ENABLE_DEBUG_INFO = INCLUDE_SOURCE;
				MTL_FAST_MATH = YES;
				ONLY_ACTIVE_ARCH = YES;
				SDKROOT = iphoneos;
				SWIFT_ACTIVE_COMPILATION_CONDITIONS = DEBUG;
				SWIFT_OPTIMIZATION_LEVEL = "-Onone";
			};
			name = Debug;
		};
		21FE70512AC49461003AAEE1 /* Release */ = {
			isa = XCBuildConfiguration;
			buildSettings = {
				ALWAYS_SEARCH_USER_PATHS = NO;
				CLANG_ANALYZER_NONNULL = YES;
				CLANG_ANALYZER_NUMBER_OBJECT_CONVERSION = YES_AGGRESSIVE;
				CLANG_CXX_LANGUAGE_STANDARD = "gnu++20";
				CLANG_ENABLE_MODULES = YES;
				CLANG_ENABLE_OBJC_ARC = YES;
				CLANG_ENABLE_OBJC_WEAK = YES;
				CLANG_WARN_BLOCK_CAPTURE_AUTORELEASING = YES;
				CLANG_WARN_BOOL_CONVERSION = YES;
				CLANG_WARN_COMMA = YES;
				CLANG_WARN_CONSTANT_CONVERSION = YES;
				CLANG_WARN_DEPRECATED_OBJC_IMPLEMENTATIONS = YES;
				CLANG_WARN_DIRECT_OBJC_ISA_USAGE = YES_ERROR;
				CLANG_WARN_DOCUMENTATION_COMMENTS = YES;
				CLANG_WARN_EMPTY_BODY = YES;
				CLANG_WARN_ENUM_CONVERSION = YES;
				CLANG_WARN_INFINITE_RECURSION = YES;
				CLANG_WARN_INT_CONVERSION = YES;
				CLANG_WARN_NON_LITERAL_NULL_CONVERSION = YES;
				CLANG_WARN_OBJC_IMPLICIT_RETAIN_SELF = YES;
				CLANG_WARN_OBJC_LITERAL_CONVERSION = YES;
				CLANG_WARN_OBJC_ROOT_CLASS = YES_ERROR;
				CLANG_WARN_QUOTED_INCLUDE_IN_FRAMEWORK_HEADER = YES;
				CLANG_WARN_RANGE_LOOP_ANALYSIS = YES;
				CLANG_WARN_STRICT_PROTOTYPES = YES;
				CLANG_WARN_SUSPICIOUS_MOVE = YES;
				CLANG_WARN_UNGUARDED_AVAILABILITY = YES_AGGRESSIVE;
				CLANG_WARN_UNREACHABLE_CODE = YES;
				CLANG_WARN__DUPLICATE_METHOD_MATCH = YES;
				COPY_PHASE_STRIP = NO;
				DEBUG_INFORMATION_FORMAT = "dwarf-with-dsym";
				ENABLE_NS_ASSERTIONS = NO;
				ENABLE_STRICT_OBJC_MSGSEND = YES;
				GCC_C_LANGUAGE_STANDARD = gnu11;
				GCC_NO_COMMON_BLOCKS = YES;
				GCC_WARN_64_TO_32_BIT_CONVERSION = YES;
				GCC_WARN_ABOUT_RETURN_TYPE = YES_ERROR;
				GCC_WARN_UNDECLARED_SELECTOR = YES;
				GCC_WARN_UNINITIALIZED_AUTOS = YES_AGGRESSIVE;
				GCC_WARN_UNUSED_FUNCTION = YES;
				GCC_WARN_UNUSED_VARIABLE = YES;
				IPHONEOS_DEPLOYMENT_TARGET = 16.4;
				MTL_ENABLE_DEBUG_INFO = NO;
				MTL_FAST_MATH = YES;
				SDKROOT = iphoneos;
				SWIFT_COMPILATION_MODE = wholemodule;
				SWIFT_OPTIMIZATION_LEVEL = "-O";
				VALIDATE_PRODUCT = YES;
			};
			name = Release;
		};
		21FE70532AC49461003AAEE1 /* Debug */ = {
			isa = XCBuildConfiguration;
			buildSettings = {
				ASSETCATALOG_COMPILER_APPICON_NAME = AppIcon;
				ASSETCATALOG_COMPILER_GLOBAL_ACCENT_COLOR_NAME = AccentColor;
				CODE_SIGN_STYLE = Automatic;
				CURRENT_PROJECT_VERSION = 1;
				GENERATE_INFOPLIST_FILE = YES;
				INFOPLIST_FILE = "City Weather/Info.plist";
				INFOPLIST_KEY_UIApplicationSupportsIndirectInputEvents = YES;
				INFOPLIST_KEY_UILaunchStoryboardName = LaunchScreen;
				INFOPLIST_KEY_UIMainStoryboardFile = Main;
				INFOPLIST_KEY_UISupportedInterfaceOrientations = UIInterfaceOrientationPortrait;
				LD_RUNPATH_SEARCH_PATHS = (
					"$(inherited)",
					"@executable_path/Frameworks",
				);
				MARKETING_VERSION = 1.0;
				PRODUCT_BUNDLE_IDENTIFIER = "com.practice.wiljan.City-Weather";
				PRODUCT_NAME = "$(TARGET_NAME)";
				SWIFT_EMIT_LOC_STRINGS = YES;
				SWIFT_VERSION = 5.0;
				TARGETED_DEVICE_FAMILY = "1,2";
			};
			name = Debug;
		};
		21FE70542AC49461003AAEE1 /* Release */ = {
			isa = XCBuildConfiguration;
			buildSettings = {
				ASSETCATALOG_COMPILER_APPICON_NAME = AppIcon;
				ASSETCATALOG_COMPILER_GLOBAL_ACCENT_COLOR_NAME = AccentColor;
				CODE_SIGN_STYLE = Automatic;
				CURRENT_PROJECT_VERSION = 1;
				GENERATE_INFOPLIST_FILE = YES;
				INFOPLIST_FILE = "City Weather/Info.plist";
				INFOPLIST_KEY_UIApplicationSupportsIndirectInputEvents = YES;
				INFOPLIST_KEY_UILaunchStoryboardName = LaunchScreen;
				INFOPLIST_KEY_UIMainStoryboardFile = Main;
				INFOPLIST_KEY_UISupportedInterfaceOrientations = UIInterfaceOrientationPortrait;
				LD_RUNPATH_SEARCH_PATHS = (
					"$(inherited)",
					"@executable_path/Frameworks",
				);
				MARKETING_VERSION = 1.0;
				PRODUCT_BUNDLE_IDENTIFIER = "com.practice.wiljan.City-Weather";
				PRODUCT_NAME = "$(TARGET_NAME)";
				SWIFT_EMIT_LOC_STRINGS = YES;
				SWIFT_VERSION = 5.0;
				TARGETED_DEVICE_FAMILY = "1,2";
			};
			name = Release;
		};
/* End XCBuildConfiguration section */

/* Begin XCConfigurationList section */
		21FE70392AC4945F003AAEE1 /* Build configuration list for PBXProject "City Weather" */ = {
			isa = XCConfigurationList;
			buildConfigurations = (
				21FE70502AC49461003AAEE1 /* Debug */,
				21FE70512AC49461003AAEE1 /* Release */,
			);
			defaultConfigurationIsVisible = 0;
			defaultConfigurationName = Release;
		};
		21FE70522AC49461003AAEE1 /* Build configuration list for PBXNativeTarget "City Weather" */ = {
			isa = XCConfigurationList;
			buildConfigurations = (
				21FE70532AC49461003AAEE1 /* Debug */,
				21FE70542AC49461003AAEE1 /* Release */,
			);
			defaultConfigurationIsVisible = 0;
			defaultConfigurationName = Release;
		};
/* End XCConfigurationList section */

/* Begin XCRemoteSwiftPackageReference section */
		21FE70572AC49764003AAEE1 /* XCRemoteSwiftPackageReference "firebase-ios-sdk" */ = {
			isa = XCRemoteSwiftPackageReference;
			repositoryURL = "https://github.com/firebase/firebase-ios-sdk";
			requirement = {
				kind = upToNextMajorVersion;
				minimumVersion = 10.0.0;
			};
		};
/* End XCRemoteSwiftPackageReference section */

/* Begin XCSwiftPackageProductDependency section */
		21FE70642AC49765003AAEE1 /* FirebaseAuth */ = {
			isa = XCSwiftPackageProductDependency;
			package = 21FE70572AC49764003AAEE1 /* XCRemoteSwiftPackageReference "firebase-ios-sdk" */;
			productName = FirebaseAuth;
		};
		21FE706A2AC49765003AAEE1 /* FirebaseDatabase */ = {
			isa = XCSwiftPackageProductDependency;
			package = 21FE70572AC49764003AAEE1 /* XCRemoteSwiftPackageReference "firebase-ios-sdk" */;
			productName = FirebaseDatabase;
		};
		21FE706C2AC49765003AAEE1 /* FirebaseDatabaseSwift */ = {
			isa = XCSwiftPackageProductDependency;
			package = 21FE70572AC49764003AAEE1 /* XCRemoteSwiftPackageReference "firebase-ios-sdk" */;
			productName = FirebaseDatabaseSwift;
		};
		21FE70702AC49765003AAEE1 /* FirebaseFirestore */ = {
			isa = XCSwiftPackageProductDependency;
			package = 21FE70572AC49764003AAEE1 /* XCRemoteSwiftPackageReference "firebase-ios-sdk" */;
			productName = FirebaseFirestore;
		};
		21FE70742AC49766003AAEE1 /* FirebaseFirestoreSwift */ = {
			isa = XCSwiftPackageProductDependency;
			package = 21FE70572AC49764003AAEE1 /* XCRemoteSwiftPackageReference "firebase-ios-sdk" */;
			productName = FirebaseFirestoreSwift;
		};
		21FE708A2AC49768003AAEE1 /* FirebaseStorage */ = {
			isa = XCSwiftPackageProductDependency;
			package = 21FE70572AC49764003AAEE1 /* XCRemoteSwiftPackageReference "firebase-ios-sdk" */;
			productName = FirebaseStorage;
		};
/* End XCSwiftPackageProductDependency section */
	};
	rootObject = 21FE70362AC4945F003AAEE1 /* Project object */;
}
